
Microsoft Visual Studio Solution File, Format Version 12.00
# Visual Studio Version 17
VisualStudioVersion = 17.10.35013.160
MinimumVisualStudioVersion = 10.0.40219.1
Project("{FAE04EC0-301F-11D3-BF4B-00C04F79EFBC}") = "StudentManagementASP", "StudentManagementASP\StudentManagementASP.csproj", "{8EBF4E46-BE2F-4978-A02C-EF98E3138BA2}"
EndProject
Global
	GlobalSection(SolutionConfigurationPlatforms) = preSolution
		Debug|Any CPU = Debug|Any CPU
		Release|Any CPU = Release|Any CPU
	EndGlobalSection
	GlobalSection(ProjectConfigurationPlatforms) = postSolution
		{8EBF4E46-BE2F-4978-A02C-EF98E3138BA2}.Debug|Any CPU.ActiveCfg = Debug|Any CPU
		{8EBF4E46-BE2F-4978-A02C-EF98E3138BA2}.Debug|Any CPU.Build.0 = Debug|Any CPU
		{8EBF4E46-BE2F-4978-A02C-EF98E3138BA2}.Release|Any CPU.ActiveCfg = Release|Any CPU
		{8EBF4E46-BE2F-4978-A02C-EF98E3138BA2}.Release|Any CPU.Build.0 = Release|Any CPU
	EndGlobalSection
	GlobalSection(SolutionProperties) = preSolution
		HideSolutionNode = FALSE
	EndGlobalSection
	GlobalSection(ExtensibilityGlobals) = postSolution
		SolutionGuid = {1017DE6A-0840-414D-B881-94B033A166BE}
	EndGlobalSection
EndGlobal
